
Microsoft Visual Studio Solution File, Format Version 12.00
# Visual Studio Version 16
VisualStudioVersion = 16.0.30104.148
MinimumVisualStudioVersion = 10.0.40219.1
Project("{FAE04EC0-301F-11D3-BF4B-00C04F79EFBC}") = "JourneyToWest", "JourneyToWest\JourneyToWest.csproj", "{274844B9-0D39-444A-83DD-D1021370A5AA}"
EndProject
Global
	GlobalSection(SolutionConfigurationPlatforms) = preSolution
		Debug|Any CPU = Debug|Any CPU
		Release|Any CPU = Release|Any CPU
	EndGlobalSection
	GlobalSection(ProjectConfigurationPlatforms) = postSolution
		{274844B9-0D39-444A-83DD-D1021370A5AA}.Debug|Any CPU.ActiveCfg = Debug|Any CPU
		{274844B9-0D39-444A-83DD-D1021370A5AA}.Debug|Any CPU.Build.0 = Debug|Any CPU
		{274844B9-0D39-444A-83DD-D1021370A5AA}.Release|Any CPU.ActiveCfg = Release|Any CPU
		{274844B9-0D39-444A-83DD-D1021370A5AA}.Release|Any CPU.Build.0 = Release|Any CPU
	EndGlobalSection
	GlobalSection(SolutionProperties) = preSolution
		HideSolutionNode = FALSE
	EndGlobalSection
	GlobalSection(ExtensibilityGlobals) = postSolution
		SolutionGuid = {D50819EA-6E74-4CC8-A13A-90911F30B399}
	EndGlobalSection
EndGlobal
